// !$*UTF8*$!
{
	archiveVersion = 1;
	classes = {
	};
	objectVersion = 56;
	objects = {

/* Begin PBXBuildFile section */
		80A4684429D98B2400FDF566 /* Post.swift in Sources */ = {isa = PBXBuildFile; fileRef = 80A4684329D98B2400FDF566 /* Post.swift */; };
		80A4684629D98B5300FDF566 /* Comment.swift in Sources */ = {isa = PBXBuildFile; fileRef = 80A4684529D98B5300FDF566 /* Comment.swift */; };
		80A4684829D98B9B00FDF566 /* PostViewModel.swift in Sources */ = {isa = PBXBuildFile; fileRef = 80A4684729D98B9B00FDF566 /* PostViewModel.swift */; };
		80A4684B29D98BDF00FDF566 /* PostManager.swift in Sources */ = {isa = PBXBuildFile; fileRef = 80A4684A29D98BDF00FDF566 /* PostManager.swift */; };
		80A4684D29D9FD1000FDF566 /* CommentController.swift in Sources */ = {isa = PBXBuildFile; fileRef = 80A4684C29D9FD1000FDF566 /* CommentController.swift */; };
		80A4685029DA2A0E00FDF566 /* TableView+MainThread.swift in Sources */ = {isa = PBXBuildFile; fileRef = 80A4684F29DA2A0E00FDF566 /* TableView+MainThread.swift */; };
		80FBF90429D987C400552FC9 /* AppDelegate.swift in Sources */ = {isa = PBXBuildFile; fileRef = 80FBF90329D987C400552FC9 /* AppDelegate.swift */; };
		80FBF90629D987C400552FC9 /* SceneDelegate.swift in Sources */ = {isa = PBXBuildFile; fileRef = 80FBF90529D987C400552FC9 /* SceneDelegate.swift */; };
		80FBF90829D987C400552FC9 /* ViewController.swift in Sources */ = {isa = PBXBuildFile; fileRef = 80FBF90729D987C400552FC9 /* ViewController.swift */; };
		80FBF90B29D987C400552FC9 /* Main.storyboard in Resources */ = {isa = PBXBuildFile; fileRef = 80FBF90929D987C400552FC9 /* Main.storyboard */; };
		80FBF90D29D987C500552FC9 /* Assets.xcassets in Resources */ = {isa = PBXBuildFile; fileRef = 80FBF90C29D987C500552FC9 /* Assets.xcassets */; };
		80FBF91029D987C500552FC9 /* LaunchScreen.storyboard in Resources */ = {isa = PBXBuildFile; fileRef = 80FBF90E29D987C500552FC9 /* LaunchScreen.storyboard */; };
		80FBF91A29D987F400552FC9 /* NetworkHelper.swift in Sources */ = {isa = PBXBuildFile; fileRef = 80FBF91929D987F400552FC9 /* NetworkHelper.swift */; };
		80FBF91C29D9880000552FC9 /* NetworkManager.swift in Sources */ = {isa = PBXBuildFile; fileRef = 80FBF91B29D9880000552FC9 /* NetworkManager.swift */; };
/* End PBXBuildFile section */

/* Begin PBXFileReference section */
		80A4684329D98B2400FDF566 /* Post.swift */ = {isa = PBXFileReference; lastKnownFileType = sourcecode.swift; path = Post.swift; sourceTree = "<group>"; };
		80A4684529D98B5300FDF566 /* Comment.swift */ = {isa = PBXFileReference; lastKnownFileType = sourcecode.swift; path = Comment.swift; sourceTree = "<group>"; };
		80A4684729D98B9B00FDF566 /* PostViewModel.swift */ = {isa = PBXFileReference; lastKnownFileType = sourcecode.swift; path = PostViewModel.swift; sourceTree = "<group>"; };
		80A4684A29D98BDF00FDF566 /* PostManager.swift */ = {isa = PBXFileReference; lastKnownFileType = sourcecode.swift; path = PostManager.swift; sourceTree = "<group>"; };
		80A4684C29D9FD1000FDF566 /* CommentController.swift */ = {isa = PBXFileReference; lastKnownFileType = sourcecode.swift; path = CommentController.swift; sourceTree = "<group>"; };
		80A4684F29DA2A0E00FDF566 /* TableView+MainThread.swift */ = {isa = PBXFileReference; lastKnownFileType = sourcecode.swift; path = "TableView+MainThread.swift"; sourceTree = "<group>"; };
		80FBF90029D987C400552FC9 /* GenricNetworkLayer.app */ = {isa = PBXFileReference; explicitFileType = wrapper.application; includeInIndex = 0; path = GenricNetworkLayer.app; sourceTree = BUILT_PRODUCTS_DIR; };
		80FBF90329D987C400552FC9 /* AppDelegate.swift */ = {isa = PBXFileReference; lastKnownFileType = sourcecode.swift; path = AppDelegate.swift; sourceTree = "<group>"; };
		80FBF90529D987C400552FC9 /* SceneDelegate.swift */ = {isa = PBXFileReference; lastKnownFileType = sourcecode.swift; path = SceneDelegate.swift; sourceTree = "<group>"; };
		80FBF90729D987C400552FC9 /* ViewController.swift */ = {isa = PBXFileReference; lastKnownFileType = sourcecode.swift; path = ViewController.swift; sourceTree = "<group>"; };
		80FBF90A29D987C400552FC9 /* Base */ = {isa = PBXFileReference; lastKnownFileType = file.storyboard; name = Base; path = Base.lproj/Main.storyboard; sourceTree = "<group>"; };
		80FBF90C29D987C500552FC9 /* Assets.xcassets */ = {isa = PBXFileReference; lastKnownFileType = folder.assetcatalog; path = Assets.xcassets; sourceTree = "<group>"; };
		80FBF90F29D987C500552FC9 /* Base */ = {isa = PBXFileReference; lastKnownFileType = file.storyboard; name = Base; path = Base.lproj/LaunchScreen.storyboard; sourceTree = "<group>"; };
		80FBF91129D987C500552FC9 /* Info.plist */ = {isa = PBXFileReference; lastKnownFileType = text.plist.xml; path = Info.plist; sourceTree = "<group>"; };
		80FBF91929D987F400552FC9 /* NetworkHelper.swift */ = {isa = PBXFileReference; lastKnownFileType = sourcecode.swift; path = NetworkHelper.swift; sourceTree = "<group>"; };
		80FBF91B29D9880000552FC9 /* NetworkManager.swift */ = {isa = PBXFileReference; lastKnownFileType = sourcecode.swift; path = NetworkManager.swift; sourceTree = "<group>"; };
/* End PBXFileReference section */

/* Begin PBXFrameworksBuildPhase section */
		80FBF8FD29D987C400552FC9 /* Frameworks */ = {
			isa = PBXFrameworksBuildPhase;
			buildActionMask = 2147483647;
			files = (
			);
			runOnlyForDeploymentPostprocessing = 0;
		};
/* End PBXFrameworksBuildPhase section */

/* Begin PBXGroup section */
		80A4684029D98B1200FDF566 /* Model */ = {
			isa = PBXGroup;
			children = (
				80A4684329D98B2400FDF566 /* Post.swift */,
				80A4684529D98B5300FDF566 /* Comment.swift */,
			);
			path = Model;
			sourceTree = "<group>";
		};
		80A4684129D98B1500FDF566 /* View */ = {
			isa = PBXGroup;
			children = (
				80FBF90729D987C400552FC9 /* ViewController.swift */,
				80A4684C29D9FD1000FDF566 /* CommentController.swift */,
			);
			path = View;
			sourceTree = "<group>";
		};
		80A4684229D98B1700FDF566 /* ViewModel */ = {
			isa = PBXGroup;
			children = (
				80A4684729D98B9B00FDF566 /* PostViewModel.swift */,
			);
			path = ViewModel;
			sourceTree = "<group>";
		};
		80A4684929D98BD800FDF566 /* Post */ = {
			isa = PBXGroup;
			children = (
				80A4684A29D98BDF00FDF566 /* PostManager.swift */,
			);
			path = Post;
			sourceTree = "<group>";
		};
		80A4684E29DA2A0100FDF566 /* Extensions */ = {
			isa = PBXGroup;
			children = (
				80A4684F29DA2A0E00FDF566 /* TableView+MainThread.swift */,
			);
			path = Extensions;
			sourceTree = "<group>";
		};
		80FBF8F729D987C400552FC9 = {
			isa = PBXGroup;
			children = (
				80FBF90229D987C400552FC9 /* GenricNetworkLayer */,
				80FBF90129D987C400552FC9 /* Products */,
			);
			sourceTree = "<group>";
		};
		80FBF90129D987C400552FC9 /* Products */ = {
			isa = PBXGroup;
			children = (
				80FBF90029D987C400552FC9 /* GenricNetworkLayer.app */,
			);
			name = Products;
			sourceTree = "<group>";
		};
		80FBF90229D987C400552FC9 /* GenricNetworkLayer */ = {
			isa = PBXGroup;
			children = (
				80A4684E29DA2A0100FDF566 /* Extensions */,
				80FBF91729D987E600552FC9 /* NetworkLayer */,
				80A4684229D98B1700FDF566 /* ViewModel */,
				80A4684129D98B1500FDF566 /* View */,
				80A4684029D98B1200FDF566 /* Model */,
				80FBF90329D987C400552FC9 /* AppDelegate.swift */,
				80FBF90529D987C400552FC9 /* SceneDelegate.swift */,
				80FBF90929D987C400552FC9 /* Main.storyboard */,
				80FBF90E29D987C500552FC9 /* LaunchScreen.storyboard */,
				80FBF90C29D987C500552FC9 /* Assets.xcassets */,
				80FBF91129D987C500552FC9 /* Info.plist */,
			);
			path = GenricNetworkLayer;
			sourceTree = "<group>";
		};
		80FBF91729D987E600552FC9 /* NetworkLayer */ = {
			isa = PBXGroup;
			children = (
				80A4684929D98BD800FDF566 /* Post */,
				80FBF91829D987EC00552FC9 /* Core */,
			);
			path = NetworkLayer;
			sourceTree = "<group>";
		};
		80FBF91829D987EC00552FC9 /* Core */ = {
			isa = PBXGroup;
			children = (
				80FBF91929D987F400552FC9 /* NetworkHelper.swift */,
				80FBF91B29D9880000552FC9 /* NetworkManager.swift */,
			);
			path = Core;
			sourceTree = "<group>";
		};
/* End PBXGroup section */

/* Begin PBXNativeTarget section */
		80FBF8FF29D987C400552FC9 /* GenricNetworkLayer */ = {
			isa = PBXNativeTarget;
			buildConfigurationList = 80FBF91429D987C500552FC9 /* Build configuration list for PBXNativeTarget "GenricNetworkLayer" */;
			buildPhases = (
				80FBF8FC29D987C400552FC9 /* Sources */,
				80FBF8FD29D987C400552FC9 /* Frameworks */,
				80FBF8FE29D987C400552FC9 /* Resources */,
			);
			buildRules = (
			);
			dependencies = (
			);
			name = GenricNetworkLayer;
			productName = GenricNetworkLayer;
			productReference = 80FBF90029D987C400552FC9 /* GenricNetworkLayer.app */;
			productType = "com.apple.product-type.application";
		};
/* End PBXNativeTarget section */

/* Begin PBXProject section */
		80FBF8F829D987C400552FC9 /* Project object */ = {
			isa = PBXProject;
			attributes = {
				BuildIndependentTargetsInParallel = 1;
				LastSwiftUpdateCheck = 1420;
				LastUpgradeCheck = 1420;
				TargetAttributes = {
					80FBF8FF29D987C400552FC9 = {
						CreatedOnToolsVersion = 14.2;
					};
				};
			};
			buildConfigurationList = 80FBF8FB29D987C400552FC9 /* Build configuration list for PBXProject "GenricNetworkLayer" */;
			compatibilityVersion = "Xcode 14.0";
			developmentRegion = en;
			hasScannedForEncodings = 0;
			knownRegions = (
				en,
				Base,
			);
			mainGroup = 80FBF8F729D987C400552FC9;
			productRefGroup = 80FBF90129D987C400552FC9 /* Products */;
			projectDirPath = "";
			projectRoot = "";
			targets = (
				80FBF8FF29D987C400552FC9 /* GenricNetworkLayer */,
			);
		};
/* End PBXProject section */

/* Begin PBXResourcesBuildPhase section */
		80FBF8FE29D987C400552FC9 /* Resources */ = {
			isa = PBXResourcesBuildPhase;
			buildActionMask = 2147483647;
			files = (
				80FBF91029D987C500552FC9 /* LaunchScreen.storyboard in Resources */,
				80FBF90D29D987C500552FC9 /* Assets.xcassets in Resources */,
				80FBF90B29D987C400552FC9 /* Main.storyboard in Resources */,
			);
			runOnlyForDeploymentPostprocessing = 0;
		};
/* End PBXResourcesBuildPhase section */

/* Begin PBXSourcesBuildPhase section */
		80FBF8FC29D987C400552FC9 /* Sources */ = {
			isa = PBXSourcesBuildPhase;
			buildActionMask = 2147483647;
			files = (
				80A4684829D98B9B00FDF566 /* PostViewModel.swift in Sources */,
				80A4684D29D9FD1000FDF566 /* CommentController.swift in Sources */,
				80A4685029DA2A0E00FDF566 /* TableView+MainThread.swift in Sources */,
				80FBF91A29D987F400552FC9 /* NetworkHelper.swift in Sources */,
				80FBF90829D987C400552FC9 /* ViewController.swift in Sources */,
				80FBF91C29D9880000552FC9 /* NetworkManager.swift in Sources */,
				80A4684629D98B5300FDF566 /* Comment.swift in Sources */,
				80A4684B29D98BDF00FDF566 /* PostManager.swift in Sources */,
				80A4684429D98B2400FDF566 /* Post.swift in Sources */,
				80FBF90429D987C400552FC9 /* AppDelegate.swift in Sources */,
				80FBF90629D987C400552FC9 /* SceneDelegate.swift in Sources */,
			);
			runOnlyForDeploymentPostprocessing = 0;
		};
/* End PBXSourcesBuildPhase section */

/* Begin PBXVariantGroup section */
		80FBF90929D987C400552FC9 /* Main.storyboard */ = {
			isa = PBXVariantGroup;
			children = (
				80FBF90A29D987C400552FC9 /* Base */,
			);
			name = Main.storyboard;
			sourceTree = "<group>";
		};
		80FBF90E29D987C500552FC9 /* LaunchScreen.storyboard */ = {
			isa = PBXVariantGroup;
			children = (
				80FBF90F29D987C500552FC9 /* Base */,
			);
			name = LaunchScreen.storyboard;
			sourceTree = "<group>";
		};
/* End PBXVariantGroup section */

/* Begin XCBuildConfiguration section */
		80FBF91229D987C500552FC9 /* Debug */ = {
			isa = XCBuildConfiguration;
			buildSettings = {
				ALWAYS_SEARCH_USER_PATHS = NO;
				CLANG_ANALYZER_NONNULL = YES;
				CLANG_ANALYZER_NUMBER_OBJECT_CONVERSION = YES_AGGRESSIVE;
				CLANG_CXX_LANGUAGE_STANDARD = "gnu++20";
				CLANG_ENABLE_MODULES = YES;
				CLANG_ENABLE_OBJC_ARC = YES;
				CLANG_ENABLE_OBJC_WEAK = YES;
				CLANG_WARN_BLOCK_CAPTURE_AUTORELEASING = YES;
				CLANG_WARN_BOOL_CONVERSION = YES;
				CLANG_WARN_COMMA = YES;
				CLANG_WARN_CONSTANT_CONVERSION = YES;
				CLANG_WARN_DEPRECATED_OBJC_IMPLEMENTATIONS = YES;
				CLANG_WARN_DIRECT_OBJC_ISA_USAGE = YES_ERROR;
				CLANG_WARN_DOCUMENTATION_COMMENTS = YES;
				CLANG_WARN_EMPTY_BODY = YES;
				CLANG_WARN_ENUM_CONVERSION = YES;
				CLANG_WARN_INFINITE_RECURSION = YES;
				CLANG_WARN_INT_CONVERSION = YES;
				CLANG_WARN_NON_LITERAL_NULL_CONVERSION = YES;
				CLANG_WARN_OBJC_IMPLICIT_RETAIN_SELF = YES;
				CLANG_WARN_OBJC_LITERAL_CONVERSION = YES;
				CLANG_WARN_OBJC_ROOT_CLASS = YES_ERROR;
				CLANG_WARN_QUOTED_INCLUDE_IN_FRAMEWORK_HEADER = YES;
				CLANG_WARN_RANGE_LOOP_ANALYSIS = YES;
				CLANG_WARN_STRICT_PROTOTYPES = YES;
				CLANG_WARN_SUSPICIOUS_MOVE = YES;
				CLANG_WARN_UNGUARDED_AVAILABILITY = YES_AGGRESSIVE;
				CLANG_WARN_UNREACHABLE_CODE = YES;
				CLANG_WARN__DUPLICATE_METHOD_MATCH = YES;
				COPY_PHASE_STRIP = NO;
				DEBUG_INFORMATION_FORMAT = dwarf;
				ENABLE_STRICT_OBJC_MSGSEND = YES;
				ENABLE_TESTABILITY = YES;
				GCC_C_LANGUAGE_STANDARD = gnu11;
				GCC_DYNAMIC_NO_PIC = NO;
				GCC_NO_COMMON_BLOCKS = YES;
				GCC_OPTIMIZATION_LEVEL = 0;
				GCC_PREPROCESSOR_DEFINITIONS = (
					"DEBUG=1",
					"$(inherited)",
				);
				GCC_WARN_64_TO_32_BIT_CONVERSION = YES;
				GCC_WARN_ABOUT_RETURN_TYPE = YES_ERROR;
				GCC_WARN_UNDECLARED_SELECTOR = YES;
				GCC_WARN_UNINITIALIZED_AUTOS = YES_AGGRESSIVE;
				GCC_WARN_UNUSED_FUNCTION = YES;
				GCC_WARN_UNUSED_VARIABLE = YES;
				IPHONEOS_DEPLOYMENT_TARGET = 16.2;
				MTL_ENABLE_DEBUG_INFO = INCLUDE_SOURCE;
				MTL_FAST_MATH = YES;
				ONLY_ACTIVE_ARCH = YES;
				SDKROOT = iphoneos;
				SWIFT_ACTIVE_COMPILATION_CONDITIONS = DEBUG;
				SWIFT_OPTIMIZATION_LEVEL = "-Onone";
			};
			name = Debug;
		};
		80FBF91329D987C500552FC9 /* Release */ = {
			isa = XCBuildConfiguration;
			buildSettings = {
				ALWAYS_SEARCH_USER_PATHS = NO;
				CLANG_ANALYZER_NONNULL = YES;
				CLANG_ANALYZER_NUMBER_OBJECT_CONVERSION = YES_AGGRESSIVE;
				CLANG_CXX_LANGUAGE_STANDARD = "gnu++20";
				CLANG_ENABLE_MODULES = YES;
				CLANG_ENABLE_OBJC_ARC = YES;
				CLANG_ENABLE_OBJC_WEAK = YES;
				CLANG_WARN_BLOCK_CAPTURE_AUTORELEASING = YES;
				CLANG_WARN_BOOL_CONVERSION = YES;
				CLANG_WARN_COMMA = YES;
				CLANG_WARN_CONSTANT_CONVERSION = YES;
				CLANG_WARN_DEPRECATED_OBJC_IMPLEMENTATIONS = YES;
				CLANG_WARN_DIRECT_OBJC_ISA_USAGE = YES_ERROR;
				CLANG_WARN_DOCUMENTATION_COMMENTS = YES;
				CLANG_WARN_EMPTY_BODY = YES;
				CLANG_WARN_ENUM_CONVERSION = YES;
				CLANG_WARN_INFINITE_RECURSION = YES;
				CLANG_WARN_INT_CONVERSION = YES;
				CLANG_WARN_NON_LITERAL_NULL_CONVERSION = YES;
				CLANG_WARN_OBJC_IMPLICIT_RETAIN_SELF = YES;
				CLANG_WARN_OBJC_LITERAL_CONVERSION = YES;
				CLANG_WARN_OBJC_ROOT_CLASS = YES_ERROR;
				CLANG_WARN_QUOTED_INCLUDE_IN_FRAMEWORK_HEADER = YES;
				CLANG_WARN_RANGE_LOOP_ANALYSIS = YES;
				CLANG_WARN_STRICT_PROTOTYPES = YES;
				CLANG_WARN_SUSPICIOUS_MOVE = YES;
				CLANG_WARN_UNGUARDED_AVAILABILITY = YES_AGGRESSIVE;
				CLANG_WARN_UNREACHABLE_CODE = YES;
				CLANG_WARN__DUPLICATE_METHOD_MATCH = YES;
				COPY_PHASE_STRIP = NO;
				DEBUG_INFORMATION_FORMAT = "dwarf-with-dsym";
				ENABLE_NS_ASSERTIONS = NO;
				ENABLE_STRICT_OBJC_MSGSEND = YES;
				GCC_C_LANGUAGE_STANDARD = gnu11;
				GCC_NO_COMMON_BLOCKS = YES;
				GCC_WARN_64_TO_32_BIT_CONVERSION = YES;
				GCC_WARN_ABOUT_RETURN_TYPE = YES_ERROR;
				GCC_WARN_UNDECLARED_SELECTOR = YES;
				GCC_WARN_UNINITIALIZED_AUTOS = YES_AGGRESSIVE;
				GCC_WARN_UNUSED_FUNCTION = YES;
				GCC_WARN_UNUSED_VARIABLE = YES;
				IPHONEOS_DEPLOYMENT_TARGET = 16.2;
				MTL_ENABLE_DEBUG_INFO = NO;
				MTL_FAST_MATH = YES;
				SDKROOT = iphoneos;
				SWIFT_COMPILATION_MODE = wholemodule;
				SWIFT_OPTIMIZATION_LEVEL = "-O";
				VALIDATE_PRODUCT = YES;
			};
			name = Release;
		};
		80FBF91529D987C500552FC9 /* Debug */ = {
			isa = XCBuildConfiguration;
			buildSettings = {
				ASSETCATALOG_COMPILER_APPICON_NAME = AppIcon;
				ASSETCATALOG_COMPILER_GLOBAL_ACCENT_COLOR_NAME = AccentColor;
				CODE_SIGN_STYLE = Automatic;
				CURRENT_PROJECT_VERSION = 1;
				DEVELOPMENT_TEAM = 936XSD7LYL;
				GENERATE_INFOPLIST_FILE = YES;
				INFOPLIST_FILE = GenricNetworkLayer/Info.plist;
				INFOPLIST_KEY_UIApplicationSupportsIndirectInputEvents = YES;
				INFOPLIST_KEY_UILaunchStoryboardName = LaunchScreen;
				INFOPLIST_KEY_UIMainStoryboardFile = Main;
				INFOPLIST_KEY_UISupportedInterfaceOrientations_iPad = "UIInterfaceOrientationPortrait UIInterfaceOrientationPortraitUpsideDown UIInterfaceOrientationLandscapeLeft UIInterfaceOrientationLandscapeRight";
				INFOPLIST_KEY_UISupportedInterfaceOrientations_iPhone = "UIInterfaceOrientationPortrait UIInterfaceOrientationLandscapeLeft UIInterfaceOrientationLandscapeRight";
				LD_RUNPATH_SEARCH_PATHS = (
					"$(inherited)",
					"@executable_path/Frameworks",
				);
				MARKETING_VERSION = 1.0;
				PRODUCT_BUNDLE_IDENTIFIER = ibrahimmbyrrm.GenricNetworkLayer;
				PRODUCT_NAME = "$(TARGET_NAME)";
				SWIFT_EMIT_LOC_STRINGS = YES;
				SWIFT_VERSION = 5.0;
				TARGETED_DEVICE_FAMILY = "1,2";
			};
			name = Debug;
		};
		80FBF91629D987C500552FC9 /* Release */ = {
			isa = XCBuildConfiguration;
			buildSettings = {
				ASSETCATALOG_COMPILER_APPICON_NAME = AppIcon;
				ASSETCATALOG_COMPILER_GLOBAL_ACCENT_COLOR_NAME = AccentColor;
				CODE_SIGN_STYLE = Automatic;
				CURRENT_PROJECT_VERSION = 1;
				DEVELOPMENT_TEAM = 936XSD7LYL;
				GENERATE_INFOPLIST_FILE = YES;
				INFOPLIST_FILE = GenricNetworkLayer/Info.plist;
				INFOPLIST_KEY_UIApplicationSupportsIndirectInputEvents = YES;
				INFOPLIST_KEY_UILaunchStoryboardName = LaunchScreen;
				INFOPLIST_KEY_UIMainStoryboardFile = Main;
				INFOPLIST_KEY_UISupportedInterfaceOrientations_iPad = "UIInterfaceOrientationPortrait UIInterfaceOrientationPortraitUpsideDown UIInterfaceOrientationLandscapeLeft UIInterfaceOrientationLandscapeRight";
				INFOPLIST_KEY_UISupportedInterfaceOrientations_iPhone = "UIInterfaceOrientationPortrait UIInterfaceOrientationLandscapeLeft UIInterfaceOrientationLandscapeRight";
				LD_RUNPATH_SEARCH_PATHS = (
					"$(inherited)",
					"@executable_path/Frameworks",
				);
				MARKETING_VERSION = 1.0;
				PRODUCT_BUNDLE_IDENTIFIER = ibrahimmbyrrm.GenricNetworkLayer;
				PRODUCT_NAME = "$(TARGET_NAME)";
				SWIFT_EMIT_LOC_STRINGS = YES;
				SWIFT_VERSION = 5.0;
				TARGETED_DEVICE_FAMILY = "1,2";
			};
			name = Release;
		};
/* End XCBuildConfiguration section */

/* Begin XCConfigurationList section */
		80FBF8FB29D987C400552FC9 /* Build configuration list for PBXProject "GenricNetworkLayer" */ = {
			isa = XCConfigurationList;
			buildConfigurations = (
				80FBF91229D987C500552FC9 /* Debug */,
				80FBF91329D987C500552FC9 /* Release */,
			);
			defaultConfigurationIsVisible = 0;
			defaultConfigurationName = Release;
		};
		80FBF91429D987C500552FC9 /* Build configuration list for PBXNativeTarget "GenricNetworkLayer" */ = {
			isa = XCConfigurationList;
			buildConfigurations = (
				80FBF91529D987C500552FC9 /* Debug */,
				80FBF91629D987C500552FC9 /* Release */,
			);
			defaultConfigurationIsVisible = 0;
			defaultConfigurationName = Release;
		};
/* End XCConfigurationList section */
	};
	rootObject = 80FBF8F829D987C400552FC9 /* Project object */;
}
